
Microsoft Visual Studio Solution File, Format Version 12.00
# Visual Studio Version 17
VisualStudioVersion = 17.10.34928.147
MinimumVisualStudioVersion = 10.0.40219.1
Project("{2150E333-8FDC-42A3-9474-1A3956D46DE8}") = "Solution Items", "Solution Items", "{CB165853-EB37-41F4-89E4-489693A9324A}"
	ProjectSection(SolutionItems) = preProject
		.editorconfig = .editorconfig
		Directory.Build.props = Directory.Build.props
	EndProjectSection
EndProject
Project("{2150E333-8FDC-42A3-9474-1A3956D46DE8}") = "src", "src", "{E1C23BFC-938C-49E8-841F-8C34D45A23F0}"
EndProject
Project("{2150E333-8FDC-42A3-9474-1A3956D46DE8}") = "API", "API", "{0C251D47-ACCB-468F-A56F-904749BC1BD6}"
EndProject
Project("{2150E333-8FDC-42A3-9474-1A3956D46DE8}") = "Modules", "Modules", "{868DD5E4-4990-4A0F-B88E-1BC9B0153596}"
EndProject
Project("{2150E333-8FDC-42A3-9474-1A3956D46DE8}") = "Events", "Events", "{EDEB2951-831B-4510-B41A-1E5503D362BC}"
EndProject
Project("{9A19103F-16F7-4668-BE54-9A1E7A4F7556}") = "Evently.Api", "src\API\Evently.Api\Evently.Api.csproj", "{9769B144-592E-4B4C-870B-D13D6B03A582}"
EndProject
Project("{E53339B2-1760-4266-BCC7-CA923CBCF16C}") = "docker-compose", "docker-compose.dcproj", "{66154719-E41A-4FBB-8CB1-F3B7968EFC4C}"
EndProject
Project("{9A19103F-16F7-4668-BE54-9A1E7A4F7556}") = "Evently.Modules.Events.Domain", "src\Modules\Events\Evently.Modules.Events.Domain\Evently.Modules.Events.Domain.csproj", "{4CEBF47C-5994-4FC6-9B9A-BAC86BABFD53}"
EndProject
Project("{9A19103F-16F7-4668-BE54-9A1E7A4F7556}") = "Evently.Modules.Events.Application", "src\Modules\Events\Evently.Modules.Events.Application\Evently.Modules.Events.Application.csproj", "{7D625D5D-75FB-4F0D-A808-DF24ABF1A369}"
EndProject
Project("{9A19103F-16F7-4668-BE54-9A1E7A4F7556}") = "Evently.Modules.Events.Infrastructure", "src\Modules\Events\Evently.Modules.Events.Infrastructure\Evently.Modules.Events.Infrastructure.csproj", "{410DDB1F-FFFD-47B4-B95C-F878EED36E82}"
EndProject
Project("{9A19103F-16F7-4668-BE54-9A1E7A4F7556}") = "Evently.Modules.Events.Presentation", "src\Modules\Events\Evently.Modules.Events.Presentation\Evently.Modules.Events.Presentation.csproj", "{582D1A52-26AF-4410-A4EC-302A71B6337C}"
EndProject
Project("{2150E333-8FDC-42A3-9474-1A3956D46DE8}") = "Common", "Common", "{60CB02A8-7172-4AA7-8B03-370587B75A13}"
EndProject
Project("{9A19103F-16F7-4668-BE54-9A1E7A4F7556}") = "Evently.Common.Application", "src\Common\Evently.Common.Application\Evently.Common.Application.csproj", "{F038A77A-9CEE-4102-832D-2467F35DA6A3}"
EndProject
Project("{9A19103F-16F7-4668-BE54-9A1E7A4F7556}") = "Evently.Common.Domain", "src\Common\Evently.Common.Domain\Evently.Common.Domain.csproj", "{F7A8322A-AA21-4306-9440-B66F155D33A2}"
EndProject
Project("{9A19103F-16F7-4668-BE54-9A1E7A4F7556}") = "Evently.Common.Infrastructure", "src\Common\Evently.Common.Infrastructure\Evently.Common.Infrastructure.csproj", "{0E80A646-8609-4403-8F9C-AD028A1B3722}"
EndProject
Project("{FAE04EC0-301F-11D3-BF4B-00C04F79EFBC}") = "Evently.Common.Presentation", "src\Common\Evently.Common.Presentation\Evently.Common.Presentation.csproj", "{99E914FA-B7FF-4FBC-93B8-AE537598E2AB}"
EndProject
Project("{2150E333-8FDC-42A3-9474-1A3956D46DE8}") = "Users", "Users", "{0FDCD5D9-0614-4DDE-9C42-01624D6F9990}"
EndProject
Project("{FAE04EC0-301F-11D3-BF4B-00C04F79EFBC}") = "Evently.Modules.Users.Domain", "src\Modules\Users\Evently.Modules.Users.Domain\Evently.Modules.Users.Domain.csproj", "{C858AC5A-C449-4DAF-B96B-067A50463A4F}"
EndProject
Project("{FAE04EC0-301F-11D3-BF4B-00C04F79EFBC}") = "Evently.Modules.Users.Application", "src\Modules\Users\Evently.Modules.Users.Application\Evently.Modules.Users.Application.csproj", "{A0FA1633-5236-4085-ADF7-8C18A181E895}"
EndProject
Project("{FAE04EC0-301F-11D3-BF4B-00C04F79EFBC}") = "Evently.Modules.Users.Infrastructure", "src\Modules\Users\Evently.Modules.Users.Infrastructure\Evently.Modules.Users.Infrastructure.csproj", "{D69F7322-990F-4B51-8FBF-67677DAB2A42}"
EndProject
Project("{FAE04EC0-301F-11D3-BF4B-00C04F79EFBC}") = "Evently.Modules.Users.Presentation", "src\Modules\Users\Evently.Modules.Users.Presentation\Evently.Modules.Users.Presentation.csproj", "{E3BBD863-F287-4528-B62C-969E24740B43}"
EndProject
Global
	GlobalSection(SolutionConfigurationPlatforms) = preSolution
		Debug|Any CPU = Debug|Any CPU
		Release|Any CPU = Release|Any CPU
	EndGlobalSection
	GlobalSection(ProjectConfigurationPlatforms) = postSolution
		{9769B144-592E-4B4C-870B-D13D6B03A582}.Debug|Any CPU.ActiveCfg = Debug|Any CPU
		{9769B144-592E-4B4C-870B-D13D6B03A582}.Debug|Any CPU.Build.0 = Debug|Any CPU
		{9769B144-592E-4B4C-870B-D13D6B03A582}.Release|Any CPU.ActiveCfg = Release|Any CPU
		{9769B144-592E-4B4C-870B-D13D6B03A582}.Release|Any CPU.Build.0 = Release|Any CPU
		{66154719-E41A-4FBB-8CB1-F3B7968EFC4C}.Debug|Any CPU.ActiveCfg = Debug|Any CPU
		{66154719-E41A-4FBB-8CB1-F3B7968EFC4C}.Debug|Any CPU.Build.0 = Debug|Any CPU
		{66154719-E41A-4FBB-8CB1-F3B7968EFC4C}.Release|Any CPU.ActiveCfg = Release|Any CPU
		{66154719-E41A-4FBB-8CB1-F3B7968EFC4C}.Release|Any CPU.Build.0 = Release|Any CPU
		{4CEBF47C-5994-4FC6-9B9A-BAC86BABFD53}.Debug|Any CPU.ActiveCfg = Debug|Any CPU
		{4CEBF47C-5994-4FC6-9B9A-BAC86BABFD53}.Debug|Any CPU.Build.0 = Debug|Any CPU
		{4CEBF47C-5994-4FC6-9B9A-BAC86BABFD53}.Release|Any CPU.ActiveCfg = Release|Any CPU
		{4CEBF47C-5994-4FC6-9B9A-BAC86BABFD53}.Release|Any CPU.Build.0 = Release|Any CPU
		{7D625D5D-75FB-4F0D-A808-DF24ABF1A369}.Debug|Any CPU.ActiveCfg = Debug|Any CPU
		{7D625D5D-75FB-4F0D-A808-DF24ABF1A369}.Debug|Any CPU.Build.0 = Debug|Any CPU
		{7D625D5D-75FB-4F0D-A808-DF24ABF1A369}.Release|Any CPU.ActiveCfg = Release|Any CPU
		{7D625D5D-75FB-4F0D-A808-DF24ABF1A369}.Release|Any CPU.Build.0 = Release|Any CPU
		{410DDB1F-FFFD-47B4-B95C-F878EED36E82}.Debug|Any CPU.ActiveCfg = Debug|Any CPU
		{410DDB1F-FFFD-47B4-B95C-F878EED36E82}.Debug|Any CPU.Build.0 = Debug|Any CPU
		{410DDB1F-FFFD-47B4-B95C-F878EED36E82}.Release|Any CPU.ActiveCfg = Release|Any CPU
		{410DDB1F-FFFD-47B4-B95C-F878EED36E82}.Release|Any CPU.Build.0 = Release|Any CPU
		{582D1A52-26AF-4410-A4EC-302A71B6337C}.Debug|Any CPU.ActiveCfg = Debug|Any CPU
		{582D1A52-26AF-4410-A4EC-302A71B6337C}.Debug|Any CPU.Build.0 = Debug|Any CPU
		{582D1A52-26AF-4410-A4EC-302A71B6337C}.Release|Any CPU.ActiveCfg = Release|Any CPU
		{582D1A52-26AF-4410-A4EC-302A71B6337C}.Release|Any CPU.Build.0 = Release|Any CPU
		{F038A77A-9CEE-4102-832D-2467F35DA6A3}.Debug|Any CPU.ActiveCfg = Debug|Any CPU
		{F038A77A-9CEE-4102-832D-2467F35DA6A3}.Debug|Any CPU.Build.0 = Debug|Any CPU
		{F038A77A-9CEE-4102-832D-2467F35DA6A3}.Release|Any CPU.ActiveCfg = Release|Any CPU
		{F038A77A-9CEE-4102-832D-2467F35DA6A3}.Release|Any CPU.Build.0 = Release|Any CPU
		{F7A8322A-AA21-4306-9440-B66F155D33A2}.Debug|Any CPU.ActiveCfg = Debug|Any CPU
		{F7A8322A-AA21-4306-9440-B66F155D33A2}.Debug|Any CPU.Build.0 = Debug|Any CPU
		{F7A8322A-AA21-4306-9440-B66F155D33A2}.Release|Any CPU.ActiveCfg = Release|Any CPU
		{F7A8322A-AA21-4306-9440-B66F155D33A2}.Release|Any CPU.Build.0 = Release|Any CPU
		{0E80A646-8609-4403-8F9C-AD028A1B3722}.Debug|Any CPU.ActiveCfg = Debug|Any CPU
		{0E80A646-8609-4403-8F9C-AD028A1B3722}.Debug|Any CPU.Build.0 = Debug|Any CPU
		{0E80A646-8609-4403-8F9C-AD028A1B3722}.Release|Any CPU.ActiveCfg = Release|Any CPU
		{0E80A646-8609-4403-8F9C-AD028A1B3722}.Release|Any CPU.Build.0 = Release|Any CPU
		{99E914FA-B7FF-4FBC-93B8-AE537598E2AB}.Debug|Any CPU.ActiveCfg = Debug|Any CPU
		{99E914FA-B7FF-4FBC-93B8-AE537598E2AB}.Debug|Any CPU.Build.0 = Debug|Any CPU
		{99E914FA-B7FF-4FBC-93B8-AE537598E2AB}.Release|Any CPU.ActiveCfg = Release|Any CPU
		{99E914FA-B7FF-4FBC-93B8-AE537598E2AB}.Release|Any CPU.Build.0 = Release|Any CPU
		{C858AC5A-C449-4DAF-B96B-067A50463A4F}.Debug|Any CPU.ActiveCfg = Debug|Any CPU
		{C858AC5A-C449-4DAF-B96B-067A50463A4F}.Debug|Any CPU.Build.0 = Debug|Any CPU
		{C858AC5A-C449-4DAF-B96B-067A50463A4F}.Release|Any CPU.ActiveCfg = Release|Any CPU
		{C858AC5A-C449-4DAF-B96B-067A50463A4F}.Release|Any CPU.Build.0 = Release|Any CPU
		{A0FA1633-5236-4085-ADF7-8C18A181E895}.Debug|Any CPU.ActiveCfg = Debug|Any CPU
		{A0FA1633-5236-4085-ADF7-8C18A181E895}.Debug|Any CPU.Build.0 = Debug|Any CPU
		{A0FA1633-5236-4085-ADF7-8C18A181E895}.Release|Any CPU.ActiveCfg = Release|Any CPU
		{A0FA1633-5236-4085-ADF7-8C18A181E895}.Release|Any CPU.Build.0 = Release|Any CPU
		{D69F7322-990F-4B51-8FBF-67677DAB2A42}.Debug|Any CPU.ActiveCfg = Debug|Any CPU
		{D69F7322-990F-4B51-8FBF-67677DAB2A42}.Debug|Any CPU.Build.0 = Debug|Any CPU
		{D69F7322-990F-4B51-8FBF-67677DAB2A42}.Release|Any CPU.ActiveCfg = Release|Any CPU
		{D69F7322-990F-4B51-8FBF-67677DAB2A42}.Release|Any CPU.Build.0 = Release|Any CPU
		{E3BBD863-F287-4528-B62C-969E24740B43}.Debug|Any CPU.ActiveCfg = Debug|Any CPU
		{E3BBD863-F287-4528-B62C-969E24740B43}.Debug|Any CPU.Build.0 = Debug|Any CPU
		{E3BBD863-F287-4528-B62C-969E24740B43}.Release|Any CPU.ActiveCfg = Release|Any CPU
		{E3BBD863-F287-4528-B62C-969E24740B43}.Release|Any CPU.Build.0 = Release|Any CPU
	EndGlobalSection
	GlobalSection(SolutionProperties) = preSolution
		HideSolutionNode = FALSE
	EndGlobalSection
	GlobalSection(NestedProjects) = preSolution
		{0C251D47-ACCB-468F-A56F-904749BC1BD6} = {E1C23BFC-938C-49E8-841F-8C34D45A23F0}
		{868DD5E4-4990-4A0F-B88E-1BC9B0153596} = {E1C23BFC-938C-49E8-841F-8C34D45A23F0}
		{EDEB2951-831B-4510-B41A-1E5503D362BC} = {868DD5E4-4990-4A0F-B88E-1BC9B0153596}
		{9769B144-592E-4B4C-870B-D13D6B03A582} = {0C251D47-ACCB-468F-A56F-904749BC1BD6}
		{4CEBF47C-5994-4FC6-9B9A-BAC86BABFD53} = {EDEB2951-831B-4510-B41A-1E5503D362BC}
		{7D625D5D-75FB-4F0D-A808-DF24ABF1A369} = {EDEB2951-831B-4510-B41A-1E5503D362BC}
		{410DDB1F-FFFD-47B4-B95C-F878EED36E82} = {EDEB2951-831B-4510-B41A-1E5503D362BC}
		{582D1A52-26AF-4410-A4EC-302A71B6337C} = {EDEB2951-831B-4510-B41A-1E5503D362BC}
		{60CB02A8-7172-4AA7-8B03-370587B75A13} = {E1C23BFC-938C-49E8-841F-8C34D45A23F0}
		{F038A77A-9CEE-4102-832D-2467F35DA6A3} = {60CB02A8-7172-4AA7-8B03-370587B75A13}
		{F7A8322A-AA21-4306-9440-B66F155D33A2} = {60CB02A8-7172-4AA7-8B03-370587B75A13}
		{0E80A646-8609-4403-8F9C-AD028A1B3722} = {60CB02A8-7172-4AA7-8B03-370587B75A13}
		{99E914FA-B7FF-4FBC-93B8-AE537598E2AB} = {60CB02A8-7172-4AA7-8B03-370587B75A13}
		{0FDCD5D9-0614-4DDE-9C42-01624D6F9990} = {868DD5E4-4990-4A0F-B88E-1BC9B0153596}
		{C858AC5A-C449-4DAF-B96B-067A50463A4F} = {0FDCD5D9-0614-4DDE-9C42-01624D6F9990}
		{A0FA1633-5236-4085-ADF7-8C18A181E895} = {0FDCD5D9-0614-4DDE-9C42-01624D6F9990}
		{D69F7322-990F-4B51-8FBF-67677DAB2A42} = {0FDCD5D9-0614-4DDE-9C42-01624D6F9990}
		{E3BBD863-F287-4528-B62C-969E24740B43} = {0FDCD5D9-0614-4DDE-9C42-01624D6F9990}
	EndGlobalSection
	GlobalSection(ExtensibilityGlobals) = postSolution
		SolutionGuid = {49316404-1168-4559-9226-8546A914782C}
	EndGlobalSection
EndGlobal
